{
    "_meta": {
        "hash": {
            "sha256": "6a93fd27b3e8dd655c60b885f4f7effd9fae6c11d2cd87632e093bcff1f761e4"
        },
        "pipfile-spec": 6,
        "requires": {
            "python_version": "3.11"
        },
        "sources": [
            {
                "name": "pypi",
                "url": "https://pypi.org/simple",
                "verify_ssl": true
            }
        ]
    },
    "default": {
        "annotated-types": {
            "hashes": [
                "sha256:47cdc3490d9ac1506ce92c7aaa76c579dc3509ff11e098fc867e5130ab7be802",
                "sha256:58da39888f92c276ad970249761ebea80ba544b77acddaa1a4d6cf78287d45fd"
            ],
            "markers": "python_version >= '3.7'",
            "version": "==0.5.0"
        },
        "anyio": {
            "hashes": [
                "sha256:44a3c9aba0f5defa43261a8b3efb97891f2bd7d804e0e1f56419befa1adfc780",
                "sha256:91dee416e570e92c64041bd18b900d1d6fa78dff7048769ce5ac5ddad004fbb5"
            ],
            "markers": "python_version >= '3.7'",
            "version": "==3.7.1"
        },
        "bcrypt": {
            "hashes": [
                "sha256:089098effa1bc35dc055366740a067a2fc76987e8ec75349eb9484061c54f535",
                "sha256:08d2947c490093a11416df18043c27abe3921558d2c03e2076ccb28a116cb6d0",
                "sha256:0eaa47d4661c326bfc9d08d16debbc4edf78778e6aaba29c1bc7ce67214d4410",
                "sha256:27d375903ac8261cfe4047f6709d16f7d18d39b1ec92aaf72af989552a650ebd",
                "sha256:2b3ac11cf45161628f1f3733263e63194f22664bf4d0c0f3ab34099c02134665",
                "sha256:2caffdae059e06ac23fce178d31b4a702f2a3264c20bfb5ff541b338194d8fab",
                "sha256:3100851841186c25f127731b9fa11909ab7b1df6fc4b9f8353f4f1fd952fbf71",
                "sha256:5ad4d32a28b80c5fa6671ccfb43676e8c1cc232887759d1cd7b6f56ea4355215",
                "sha256:67a97e1c405b24f19d08890e7ae0c4f7ce1e56a712a016746c8b2d7732d65d4b",
                "sha256:705b2cea8a9ed3d55b4491887ceadb0106acf7c6387699fca771af56b1cdeeda",
                "sha256:8a68f4341daf7522fe8d73874de8906f3a339048ba406be6ddc1b3ccb16fc0d9",
                "sha256:a522427293d77e1c29e303fc282e2d71864579527a04ddcfda6d4f8396c6c36a",
                "sha256:ae88eca3024bb34bb3430f964beab71226e761f51b912de5133470b649d82344",
                "sha256:b1023030aec778185a6c16cf70f359cbb6e0c289fd564a7cfa29e727a1c38f8f",
                "sha256:b3b85202d95dd568efcb35b53936c5e3b3600c7cdcc6115ba461df3a8e89f38d",
                "sha256:b57adba8a1444faf784394de3436233728a1ecaeb6e07e8c22c8848f179b893c",
                "sha256:bf4fa8b2ca74381bb5442c089350f09a3f17797829d958fad058d6e44d9eb83c",
                "sha256:ca3204d00d3cb2dfed07f2d74a25f12fc12f73e606fcaa6975d1f7ae69cacbb2",
                "sha256:cbb03eec97496166b704ed663a53680ab57c5084b2fc98ef23291987b525cb7d",
                "sha256:e9a51bbfe7e9802b5f3508687758b564069ba937748ad7b9e890086290d2f79e",
                "sha256:fbdaec13c5105f0c4e5c52614d04f0bca5f5af007910daa8b6b12095edaa67b3"
            ],
            "index": "pypi",
            "version": "==4.0.1"
        },
        "click": {
            "hashes": [
                "sha256:ae74fb96c20a0277a1d615f1e4d73c8414f5a98db8b799a7931d1582f3390c28",
                "sha256:ca9853ad459e787e2192211578cc907e7594e294c7ccc834310722b41b9ca6de"
            ],
            "markers": "python_version >= '3.7'",
            "version": "==8.1.7"
        },
        "dnspython": {
            "hashes": [
                "sha256:57c6fbaaeaaf39c891292012060beb141791735dbb4004798328fc2c467402d8",
                "sha256:8dcfae8c7460a2f84b4072e26f1c9f4101ca20c071649cb7c34e8b6a93d58984"
            ],
            "markers": "python_version >= '3.8' and python_version < '4.0'",
            "version": "==2.4.2"
        },
        "email-validator": {
            "hashes": [
                "sha256:1ff6e86044200c56ae23595695c54e9614f4a9551e0e393614f764860b3d7900",
                "sha256:2466ba57cda361fb7309fd3d5a225723c788ca4bbad32a0ebd5373b99730285c"
            ],
            "version": "==2.0.0.post2"
        },
        "exceptiongroup": {
            "hashes": [
                "sha256:097acd85d473d75af5bb98e41b61ff7fe35efe6675e4f9370ec6ec5126d160e9",
                "sha256:343280667a4585d195ca1cf9cef84a4e178c4b6cf2274caef9859782b567d5e3"
            ],
            "markers": "python_version < '3.11'",
            "version": "==1.1.3"
        },
        "fastapi": {
            "hashes": [
                "sha256:345844e6a82062f06a096684196aaf96c1198b25c06b72c1311b882aa2d8a35d",
                "sha256:5e5f17e826dbd9e9b5a5145976c5cd90bcaa61f2bf9a69aca423f2bcebe44d83"
            ],
            "index": "pypi",
            "version": "==0.103.1"
        },
        "greenlet": {
            "hashes": [
                "sha256:03a8f4f3430c3b3ff8d10a2a86028c660355ab637cee9333d63d66b56f09d52a",
                "sha256:0bf60faf0bc2468089bdc5edd10555bab6e85152191df713e2ab1fcc86382b5a",
                "sha256:1087300cf9700bbf455b1b97e24db18f2f77b55302a68272c56209d5587c12d1",
                "sha256:18a7f18b82b52ee85322d7a7874e676f34ab319b9f8cce5de06067384aa8ff43",
                "sha256:18e98fb3de7dba1c0a852731c3070cf022d14f0d68b4c87a19cc1016f3bb8b33",
                "sha256:1a819eef4b0e0b96bb0d98d797bef17dc1b4a10e8d7446be32d1da33e095dbb8",
                "sha256:26fbfce90728d82bc9e6c38ea4d038cba20b7faf8a0ca53a9c07b67318d46088",
                "sha256:2780572ec463d44c1d3ae850239508dbeb9fed38e294c68d19a24d925d9223ca",
                "sha256:283737e0da3f08bd637b5ad058507e578dd462db259f7f6e4c5c365ba4ee9343",
                "sha256:2d4686f195e32d36b4d7cf2d166857dbd0ee9f3d20ae349b6bf8afc8485b3645",
                "sha256:2dd11f291565a81d71dab10b7033395b7a3a5456e637cf997a6f33ebdf06f8db",
                "sha256:30bcf80dda7f15ac77ba5af2b961bdd9dbc77fd4ac6105cee85b0d0a5fcf74df",
                "sha256:32e5b64b148966d9cccc2c8d35a671409e45f195864560829f395a54226408d3",
                "sha256:36abbf031e1c0f79dd5d596bfaf8e921c41df2bdf54ee1eed921ce1f52999a86",
                "sha256:3a06ad5312349fec0ab944664b01d26f8d1f05009566339ac6f63f56589bc1a2",
                "sha256:3a51c9751078733d88e013587b108f1b7a1fb106d402fb390740f002b6f6551a",
                "sha256:3c9b12575734155d0c09d6c3e10dbd81665d5c18e1a7c6597df72fd05990c8cf",
                "sha256:3f6ea9bd35eb450837a3d80e77b517ea5bc56b4647f5502cd28de13675ee12f7",
                "sha256:4b58adb399c4d61d912c4c331984d60eb66565175cdf4a34792cd9600f21b394",
                "sha256:4d2e11331fc0c02b6e84b0d28ece3a36e0548ee1a1ce9ddde03752d9b79bba40",
                "sha256:5454276c07d27a740c5892f4907c86327b632127dd9abec42ee62e12427ff7e3",
                "sha256:561091a7be172ab497a3527602d467e2b3fbe75f9e783d8b8ce403fa414f71a6",
                "sha256:6c3acb79b0bfd4fe733dff8bc62695283b57949ebcca05ae5c129eb606ff2d74",
                "sha256:703f18f3fda276b9a916f0934d2fb6d989bf0b4fb5a64825260eb9bfd52d78f0",
                "sha256:7492e2b7bd7c9b9916388d9df23fa49d9b88ac0640db0a5b4ecc2b653bf451e3",
                "sha256:76ae285c8104046b3a7f06b42f29c7b73f77683df18c49ab5af7983994c2dd91",
                "sha256:7cafd1208fdbe93b67c7086876f061f660cfddc44f404279c1585bbf3cdc64c5",
                "sha256:7efde645ca1cc441d6dc4b48c0f7101e8d86b54c8530141b09fd31cef5149ec9",
                "sha256:8512a0c38cfd4e66a858ddd1b17705587900dd760c6003998e9472b77b56d417",
                "sha256:88d9ab96491d38a5ab7c56dd7a3cc37d83336ecc564e4e8816dbed12e5aaefc8",
                "sha256:8eab883b3b2a38cc1e050819ef06a7e6344d4a990d24d45bc6f2cf959045a45b",
                "sha256:910841381caba4f744a44bf81bfd573c94e10b3045ee00de0cbf436fe50673a6",
                "sha256:9190f09060ea4debddd24665d6804b995a9c122ef5917ab26e1566dcc712ceeb",
                "sha256:937e9020b514ceedb9c830c55d5c9872abc90f4b5862f89c0887033ae33c6f73",
                "sha256:94c817e84245513926588caf1152e3b559ff794d505555211ca041f032abbb6b",
                "sha256:971ce5e14dc5e73715755d0ca2975ac88cfdaefcaab078a284fea6cfabf866df",
                "sha256:9d14b83fab60d5e8abe587d51c75b252bcc21683f24699ada8fb275d7712f5a9",
                "sha256:9f35ec95538f50292f6d8f2c9c9f8a3c6540bbfec21c9e5b4b751e0a7c20864f",
                "sha256:a1846f1b999e78e13837c93c778dcfc3365902cfb8d1bdb7dd73ead37059f0d0",
                "sha256:acd2162a36d3de67ee896c43effcd5ee3de247eb00354db411feb025aa319857",
                "sha256:b0ef99cdbe2b682b9ccbb964743a6aca37905fda5e0452e5ee239b1654d37f2a",
                "sha256:b80f600eddddce72320dbbc8e3784d16bd3fb7b517e82476d8da921f27d4b249",
                "sha256:b864ba53912b6c3ab6bcb2beb19f19edd01a6bfcbdfe1f37ddd1778abfe75a30",
                "sha256:b9ec052b06a0524f0e35bd8790686a1da006bd911dd1ef7d50b77bfbad74e292",
                "sha256:ba2956617f1c42598a308a84c6cf021a90ff3862eddafd20c3333d50f0edb45b",
                "sha256:bdfea8c661e80d3c1c99ad7c3ff74e6e87184895bbaca6ee8cc61209f8b9b85d",
                "sha256:be4ed120b52ae4d974aa40215fcdfde9194d63541c7ded40ee12eb4dda57b76b",
                "sha256:c4302695ad8027363e96311df24ee28978162cdcdd2006476c43970b384a244c",
                "sha256:c48f54ef8e05f04d6eff74b8233f6063cb1ed960243eacc474ee73a2ea8573ca",
                "sha256:c9c59a2120b55788e800d82dfa99b9e156ff8f2227f07c5e3012a45a399620b7",
                "sha256:cd021c754b162c0fb55ad5d6b9d960db667faad0fa2ff25bb6e1301b0b6e6a75",
                "sha256:d27ec7509b9c18b6d73f2f5ede2622441de812e7b1a80bbd446cb0633bd3d5ae",
                "sha256:d4606a527e30548153be1a9f155f4e283d109ffba663a15856089fb55f933e47",
                "sha256:d5508f0b173e6aa47273bdc0a0b5ba055b59662ba7c7ee5119528f466585526b",
                "sha256:d75209eed723105f9596807495d58d10b3470fa6732dd6756595e89925ce2470",
                "sha256:d967650d3f56af314b72df7089d96cda1083a7fc2da05b375d2bc48c82ab3f3c",
                "sha256:db1a39669102a1d8d12b57de2bb7e2ec9066a6f2b3da35ae511ff93b01b5d564",
                "sha256:dbfcfc0218093a19c252ca8eb9aee3d29cfdcb586df21049b9d777fd32c14fd9",
                "sha256:e0f72c9ddb8cd28532185f54cc1453f2c16fb417a08b53a855c4e6a418edd099",
                "sha256:e7c8dc13af7db097bed64a051d2dd49e9f0af495c26995c00a9ee842690d34c0",
                "sha256:ea9872c80c132f4663822dd2a08d404073a5a9b5ba6155bea72fb2a79d1093b5",
                "sha256:eff4eb9b7eb3e4d0cae3d28c283dc16d9bed6b193c2e1ace3ed86ce48ea8df19",
                "sha256:f82d4d717d8ef19188687aa32b8363e96062911e63ba22a0cff7802a8e58e5f1",
                "sha256:fc3a569657468b6f3fb60587e48356fe512c1754ca05a564f11366ac9e306526"
            ],
            "markers": "platform_machine == 'aarch64' or (platform_machine == 'ppc64le' or (platform_machine == 'x86_64' or (platform_machine == 'amd64' or (platform_machine == 'AMD64' or (platform_machine == 'win32' or platform_machine == 'WIN32')))))",
            "version": "==2.0.2"
        },
        "h11": {
            "hashes": [
                "sha256:8f19fbbe99e72420ff35c00b27a34cb9937e902a8b810e2c88300c6f0a3b699d",
                "sha256:e3fe4ac4b851c468cc8363d500db52c2ead036020723024a109d37346efaa761"
            ],
            "markers": "python_version >= '3.7'",
            "version": "==0.14.0"
        },
        "idna": {
            "hashes": [
                "sha256:814f528e8dead7d329833b91c5faa87d60bf71824cd12a7530b5526063d02cb4",
                "sha256:90b77e79eaa3eba6de819a0c442c0b4ceefc341a7a2ab77d7562bf49f425c5c2"
            ],
            "markers": "python_version >= '3.5'",
            "version": "==3.4"
        },
        "pydantic": {
            "extras": [
                "email"
            ],
            "hashes": [
                "sha256:54216ccb537a606579f53d7f6ed912e98fffce35aff93b25cd80b1c2ca806fc3",
                "sha256:909b2b7d7be775a890631218e8c4b6b5418c9b6c57074ae153e5c09b73bf06a3"
            ],
            "index": "pypi",
            "version": "==2.4.0"
        },
        "pydantic-core": {
            "hashes": [
                "sha256:02b3d546342e7f583bf58f4a4618c7e97f44426db2358789393537dd4e9a921d",
                "sha256:030ba2f59e78c8732445d8c9f093579674f2b5b93b3960945face14ec2e82682",
                "sha256:09ac18617199704327d99c85893d697b8442c18b8c2db1ea636ba83313223541",
                "sha256:0aa8bdc2d78afadd191148726f094be81d5e4b76011f8fa9300f317e06a1b732",
                "sha256:0b50848d1a614093c05c97d0fdf841ef547d8c087fbd06f6eafe8ef1d836d6c1",
                "sha256:0e210107faf47d5965fcebc294c41891573adab36e5cf70731c57d0068fc7c5c",
                "sha256:100bbd622433d9d7ca8ee4fa63dfae90f9f38358558955173aed6ed56c573db8",
                "sha256:12470a4de172aaa1bbadb45744de4a9b0298fa8f974eb508314c3b5da0cb4aed",
                "sha256:17460ffd8f8e49ca52711b4926fefe2b336d01b63dc27aee432a576c2147c8ce",
                "sha256:19c7aa3c0ff08ddc91597d8af08f8c4de59b27fe752b3bd1db9a67f6f08c4020",
                "sha256:1c1bfa2ca352bf43d34b7099f8ed675deb88113bd36c76880f4ca18fc0d3af50",
                "sha256:1ecd28fb4c98c97836046d092029017bcc35e060ea547484aa1234b8a592de17",
                "sha256:22b126893f53c789ad2253c9288a59362171a5bafbb865190c43d430dc805edb",
                "sha256:2352f7cb8ef0cd21fbc582abe2a14105d7e8400f97a551ca2e3b05dee77525d2",
                "sha256:25cacd12689b1a357ae6212c7f5980ebf487720db5bbf1bb5d91085226b6a962",
                "sha256:2a6f28e2b2a5cef3b52b5ac6c6d64fe810ca51ec57081554f447c818778eea09",
                "sha256:30c5df611afc5a9f2ad48babe2192f9cf0d12ed6c0dd5eb57b3538491c113737",
                "sha256:312831c5bf50d9d432c11baf9bbd8d8961740608ccbc66fb1290d532aff21b18",
                "sha256:34a45943bb14275e9681fd4abafbe3acae1e7dac7248bebf38ac5bde492e00f7",
                "sha256:391805e8a4ad731e729a22d8e14bad2d724915d28618be6c66dc7ccb421a13a0",
                "sha256:394a8ce4a7495af8dbf33038daf57a6170be15f8d1d92a7b63c6f2211527d950",
                "sha256:3f230d70be54447e12fcd0f1c2319dac74341244fafd2350d5675aa194f6c3f4",
                "sha256:3ffb2a3462bb7905c4d849b95f536ac1f3948e92f5e0fc7e65bd3f3b0d132cf4",
                "sha256:4a622a8abf656cc51960766fa4d194504e8a9f85ae48032f87fb42c79462c7b8",
                "sha256:52eb5c61de017bfee422f6aa9a3e76de5aa5a9189ba808bba63b9de67e55c4ca",
                "sha256:573e89b3da5908f564ae54b6284e20b490158681e91e1776a59dfda17ec0a6a8",
                "sha256:5958b1af7acd7b4a629e9758ce54a31c1910695e85e0ef847ba3daa4f25a0a08",
                "sha256:5cbfe4cd608cf6d032374961e4e07d0506acfaec7b1a69beade1d5f98dce00fd",
                "sha256:5e816d042f80dd630aaedbc75c21084da9e1d7ea5918619b8089c7edaedd57e8",
                "sha256:5f00e83aa9aebbfd4382695a5ed94e6282ac01455fbb1a37d99d2effa29df30f",
                "sha256:5f76cb8d68d87fd05e56aba392c841d98eeb3ad378bcf5331b42bac7afee0d66",
                "sha256:66c0169457733a4dfe72be51dd359414eddd0738b15dda07827f18a10e9f6ab7",
                "sha256:68992f78507e95ed63ca87b8b177785d9806cde34ca3a9f98382188dd11d8720",
                "sha256:6930eaf3aa2ba660ed3f64206902a534f454f9954e5de06354e20d890bebbd8a",
                "sha256:69772dcdcf90b677d0d2ecedafe4c6a610572f1fad15912cde28a6f8eb5654fd",
                "sha256:705fad71297dfedc5c9e3c935702864aa0cc7812be11ac544f152677ba6ea430",
                "sha256:7192492b09c1e4ad103e5cb98eb397f9b61a9037fce03e94cafe3238404dbe0f",
                "sha256:725f0276402773a6b61b6f67bf9562f37ba08a8bfebdfb9990eea786ed5711b2",
                "sha256:729a2fc4bc1564d164258eaf138ab4c03baa2080a5e3f91a9b3cb2d758248b8f",
                "sha256:7440933341f655a64456065211cf7657c3cf3524d5b0b02f5d9b63ef5a7e0d49",
                "sha256:776eee60ca8ca3de83add0fb95a0034ac965a12590bb22ec09b05c87870ba401",
                "sha256:7820faf076216654ae54ad8a8443a296faaac9057a49ff404ce92ab85c9518a3",
                "sha256:792af9e4f78d6f1d0aabfb95162c5ed56b5369b25350eaa68b1495e8f675d4d9",
                "sha256:7c6915a9b3dd16e016dba7e76070e667eca50530f957daa5b78c73abbf281b25",
                "sha256:7cbf77664099345a25932ebe25d7bf9a330fc29acd9a909e8751ac0c42097fb3",
                "sha256:7cecd7669b1ebee8ae90f5aa7d459770b6e79db7b95983aacc5b7392a050b9ab",
                "sha256:7e2360b86b21e2aab8d4f1ce2551e2b731bc30610b7cc9324ea7517af4375b08",
                "sha256:82c3f0752547f928e4fcfb00151d6deb9124be7d35e012c567429fe93ec71b71",
                "sha256:85d8225cd08aacb8a2843cf0a0a72f1c403c6ac6f18d4cfeecabe050f80c9ea3",
                "sha256:873db84afcbcf3f1ed0040ed9c5534bc1af5d647d13c04be12f3568421f5dd3e",
                "sha256:8a5323d6778931ab1b3b22bac05fb7c961786d3b04a6c84f7c0ffcc331b4b998",
                "sha256:8f919d17581fdf6e71ff3d3fe4b02ed32aaa0429e0b4346798de7a1361e098ef",
                "sha256:8fe66506700efdfc699c613ccc4974ac7d8fceed8c74983e55ec380504db2e05",
                "sha256:923000ea46def1bdded511b5792ec19866909797a05dc8f75342c6a9cacb2d66",
                "sha256:9527cf9c25fd655617620c8d6cb43216c0ce5779871ab7f83175421267b85199",
                "sha256:96b3007451863b46e8138f8096ef31aea6f7721a9910843b0554ce4ae17024a2",
                "sha256:98474284adb71c8738e5efb71ccb1382d8d66f042ad0875018c78bcb38ac0f47",
                "sha256:9e21ab9c49cc58282c228ff89fb4a5e4b447233ccd53acb7f333d1cde58df37b",
                "sha256:9e72c1e06a20c10b9c5f7a3fe09ec46e0e208c65a69d2efb92a3e1b64443e6c3",
                "sha256:9f3b25201efe20d182f3bd6fe8d99685f4ed01cac67b79c017c9cf688b747263",
                "sha256:9f6f70680c15876c583a24bd476e49004327e87392be0282aedbc65773519ea8",
                "sha256:a04054b91afc41282a0a7426147654849136b37a41da86412d4ff5ba51b9cd2f",
                "sha256:a537e87ca600e59e532fbc770a60f9f3a5ebcff9bae8c60aceeec5beb326e1b8",
                "sha256:aa45f0846773cb142252ccef66b096d917bb76c6ef9da1aa747e6b44aa318192",
                "sha256:ab1fa046ef9058ceef941b576c5e7711bab3d99be00a304fb4726cf4b94e05ff",
                "sha256:ab2d56dfa13244164f0ba8125d8315c799fa0150459b88fc42ed5c1e3c04d47a",
                "sha256:ab4d279c480e83c516e4e0b7b1f882f168f614d9c62e18ab779edef0cd13aaa9",
                "sha256:ad7b5f4352f3dfcc481b008bce3b3931a485a93112deaa0a25bee2817d3f7b98",
                "sha256:b0061965942489e6da23f0399b1136fd10eff0a4f0cefae13369eba1776e22a6",
                "sha256:b1496f38e49c7960461002768c5f4c9ba9720fe259cd5c8b229cd0b3b0861844",
                "sha256:b196c4ace34be6c2953c6ec3906d1af88c418b93325d612d7f900ed30bf1e0ac",
                "sha256:b1fefe63baa04f1d9dd5b4564b1e73d133e1c745589933d7ef9718235915cc81",
                "sha256:b40221d1490f2c6e488d2576773a574d42436b5aba1faed91f59a9feb82c384b",
                "sha256:b4df023610af081d6da85328411fed7aacf19e939fe955bb31f29212f8dcf306",
                "sha256:b5d4eec8aba25b163a4d9dcc6be8354bc8f939040bc15a6400cbd62ba0511a5f",
                "sha256:ba288fa675b2951e7898ebfdd8defa0e958e514d4d1cc7a5f6a8d627378c0c47",
                "sha256:bc0a33779fded534ff0b5d8ef766a1c94d3e740877ea8adab65cbf1878ba03b4",
                "sha256:bc5be7a29a6b25a186941e9e2b5f9281c05723628e1fdb244f429f4c1682ff49",
                "sha256:c1041d8fcd313c68b77dec6a16bf1d690008270b50eec11e96d89e1b4ba756b1",
                "sha256:c1ab3701d660bd136a22e1ca95292bfed50245eb869adaee2e08f29d4dd5e360",
                "sha256:c1bcb1b9b33573eeef218ffb3a2910c57fedc8831caf3c942e68a2222481d2cc",
                "sha256:c2a126c7271a9421005a0f57cf71294ad49c375e4d0a9198b93665796f49e7f7",
                "sha256:c394e9ed6f9e6f4af3618c34bc15f2af4237f7d1989b7f45588f8e855bc10e08",
                "sha256:c61755149ba534123ae08e6aa814aa34f47c6ba45a622ea98ddd7860b5312767",
                "sha256:c871820c60fc863c7b3f660612af6ce5bb8f5f69d6364f208e29d2ca7992d154",
                "sha256:cd175beab2ac845a90d31bb4ea8e6c1e8be12efaf14b9918d0ab4828dd3c916b",
                "sha256:d0b17e8d08a1c94efb91d8d389ec76a32fc3f85ba06626b5ef0c2d6bffcbe066",
                "sha256:d122a46c360c8069f7ac39c6f2c29cf99436baa48ba1e28ea5443336e9bbb838",
                "sha256:d1e79893a20207ff671f13f5562c1f0aaece030e6e30252683f536286ba89864",
                "sha256:d72a561d7c0738ae5d05a709c739b2953d05e18151539750ca9622f3438de041",
                "sha256:daea90360d99ad06a3f686b3e628222ac3aa953b1982f13be5b69b2648c5e6bb",
                "sha256:e079540fd4c45c23de4465cafb20cddcd8befe3b5f46505a2eb28e49b9d13ee2",
                "sha256:e24d92d3a60d6eb19a1bd0f1f259369f478e0f34412a33e794da6cdaa36218be",
                "sha256:e3f69d48191103587950981cf47c936064c808b6c18f57e745ed130a305c73a6",
                "sha256:e70c6c882ab101a72010c8f91e87db211fa2aaf6aa51acc7160fe5649630ed75",
                "sha256:ed5f8d6cb834c80fb813d233f9bfb60d3453b7450c80c0814b8e78c23d1ea8bf",
                "sha256:f114130c44ae52b3bd2450dac8e1d3e1e92a92baecb24dbcdb6de2d2fc15bdb5",
                "sha256:f1a70f99d1a7270d4f321a8824e87d5b88acd64c2af6049915b7fd8215437e04",
                "sha256:f32df1d8d383e1b729674ad1053d8f43f7ed79848496d3cb6ca81a906318317b",
                "sha256:f622778eb180cf7eba25e65d2fe37a57a0eadd8403df4c44606b56d204f686de",
                "sha256:f94539aa4265ab5528d8c3dc4505a19369083c29d0713b8ed536f93b9bc1e94f",
                "sha256:f9f2c70257f03db712658d4138e2b892bdd7c71472783eaebc2813a47fd29ef3",
                "sha256:fa4bd88165d860111e860e8b43efd97afd137a9165cf24eb3cfb2371f57452bf",
                "sha256:fb204346d3eda4e0c63cbeeec6398a52682ac51f9cf7379a13505863e47d3186",
                "sha256:fb513fc74bdf5f649e6e855fc87ed9b81ee8b0be96717190f9e00683244f0616",
                "sha256:fbba90179672707ab69ad19ef7d3c3f0a8e2f0a0579f0eb79649ffcdacf476d0"
            ],
            "markers": "python_version >= '3.7'",
            "version": "==2.10.0"
        },
        "pyjwt": {
            "hashes": [
                "sha256:57e28d156e3d5c10088e0c68abb90bfac3df82b40a71bd0daa20c65ccd5c23de",
                "sha256:59127c392cc44c2da5bb3192169a91f429924e17aff6534d70fdc02ab3e04320"
            ],
            "index": "pypi",
            "version": "==2.8.0"
        },
        "pymongo": {
            "hashes": [
                "sha256:076afa0a4a96ca9f77fec0e4a0d241200b3b3a1766f8d7be9a905ecf59a7416b",
                "sha256:08819da7864f9b8d4a95729b2bea5fffed08b63d3b9c15b4fea47de655766cf5",
                "sha256:0a1f26bc1f5ce774d99725773901820dfdfd24e875028da4a0252a5b48dcab5c",
                "sha256:0f4b125b46fe377984fbaecf2af40ed48b05a4b7676a2ff98999f2016d66b3ec",
                "sha256:1240edc1a448d4ada4bf1a0e55550b6292420915292408e59159fd8bbdaf8f63",
                "sha256:152259f0f1a60f560323aacf463a3642a65a25557683f49cfa08c8f1ecb2395a",
                "sha256:168172ef7856e20ec024fe2a746bfa895c88b32720138e6438fd765ebd2b62dd",
                "sha256:1b1d7d9aabd8629a31d63cd106d56cca0e6420f38e50563278b520f385c0d86e",
                "sha256:1d40ad09d9f5e719bc6f729cc6b17f31c0b055029719406bd31dde2f72fca7e7",
                "sha256:21b953da14549ff62ea4ae20889c71564328958cbdf880c64a92a48dda4c9c53",
                "sha256:23cc6d7eb009c688d70da186b8f362d61d5dd1a2c14a45b890bd1e91e9c451f2",
                "sha256:2988ef5e6b360b3ff1c6d55c53515499de5f48df31afd9f785d788cdacfbe2d3",
                "sha256:2a0aade2b11dc0c326ccd429ee4134d2d47459ff68d449c6d7e01e74651bd255",
                "sha256:2b0176f9233a5927084c79ff80b51bd70bfd57e4f3d564f50f80238e797f0c8a",
                "sha256:2d4fa1b01fa7e5b7bb8d312e3542e211b320eb7a4e3d8dc884327039d93cb9e0",
                "sha256:3236cf89d69679eaeb9119c840f5c7eb388a2110b57af6bb6baf01a1da387c18",
                "sha256:33faa786cc907de63f745f587e9879429b46033d7d97a7b84b37f4f8f47b9b32",
                "sha256:37df8f6006286a5896d1cbc3efb8471ced42e3568d38e6cb00857277047b0d63",
                "sha256:3a7166d57dc74d679caa7743b8ecf7dc3a1235a9fd178654dddb2b2a627ae229",
                "sha256:3d79ae3bb1ff041c0db56f138c88ce1dfb0209f3546d8d6e7c3f74944ecd2439",
                "sha256:3e33064f1984db412b34d51496f4ea785a9cff621c67de58e09fb28da6468a52",
                "sha256:3fa3648e4f1e63ddfe53563ee111079ea3ab35c3b09cd25bc22dadc8269a495f",
                "sha256:40d5f6e853ece9bfc01e9129b228df446f49316a4252bb1fbfae5c3c9dedebad",
                "sha256:41771b22dd2822540f79a877c391283d4e6368125999a5ec8beee1ce566f3f82",
                "sha256:435228d3c16a375274ac8ab9c4f9aef40c5e57ddb8296e20ecec9e2461da1017",
                "sha256:44ee985194c426ddf781fa784f31ffa29cb59657b2dba09250a4245431847d73",
                "sha256:465fd5b040206f8bce7016b01d7e7f79d2fcd7c2b8e41791be9632a9df1b4999",
                "sha256:496c9cbcb4951183d4503a9d7d2c1e3694aab1304262f831d5e1917e60386036",
                "sha256:49dce6957598975d8b8d506329d2a3a6c4aee911fa4bbcf5e52ffc6897122950",
                "sha256:4c42748ccc451dfcd9cef6c5447a7ab727351fd9747ad431db5ebb18a9b78a4d",
                "sha256:505f8519c4c782a61d94a17b0da50be639ec462128fbd10ab0a34889218fdee3",
                "sha256:53f2dda54d76a98b43a410498bd12f6034b2a14b6844ca08513733b2b20b7ad8",
                "sha256:56320c401f544d762fc35766936178fbceb1d9261cd7b24fbfbc8fb6f67aa8a5",
                "sha256:58a63a26a1e3dc481dd3a18d6d9f8bd1d576cd1ffe0d479ba7dd38b0aeb20066",
                "sha256:5caee7bd08c3d36ec54617832b44985bd70c4cbd77c5b313de6f7fce0bb34f93",
                "sha256:631492573a1bef2f74f9ac0f9d84e0ce422c251644cd81207530af4aa2ee1980",
                "sha256:63d8019eee119df308a075b8a7bdb06d4720bf791e2b73d5ab0e7473c115d79c",
                "sha256:6422b6763b016f2ef2beedded0e546d6aa6ba87910f9244d86e0ac7690f75c96",
                "sha256:681f252e43b3ef054ca9161635f81b730f4d8cadd28b3f2b2004f5a72f853982",
                "sha256:6d64878d1659d2a5bdfd0f0a4d79bafe68653c573681495e424ab40d7b6d6d41",
                "sha256:74c0da07c04d0781490b2915e7514b1adb265ef22af039a947988c331ee7455b",
                "sha256:7591a3beea6a9a4fa3080d27d193b41f631130e3ffa76b88c9ccea123f26dc59",
                "sha256:76a262c41c1a7cbb84a3b11976578a7eb8e788c4b7bfbd15c005fb6ca88e6e50",
                "sha256:77cfff95c1fafd09e940b3fdcb7b65f11442662fad611d0e69b4dd5d17a81c60",
                "sha256:8027c9063579083746147cf401a7072a9fb6829678076cd3deff28bb0e0f50c8",
                "sha256:80a167081c75cf66b32f30e2f1eaee9365af935a86dbd76788169911bed9b5d5",
                "sha256:840eaf30ccac122df260b6005f9dfae4ac287c498ee91e3e90c56781614ca238",
                "sha256:8543253adfaa0b802bfa88386db1009c6ebb7d5684d093ee4edc725007553d21",
                "sha256:89b3f2da57a27913d15d2a07d58482f33d0a5b28abd20b8e643ab4d625e36257",
                "sha256:8e559116e4128630ad3b7e788e2e5da81cbc2344dee246af44471fa650486a70",
                "sha256:9aff6279e405dc953eeb540ab061e72c03cf38119613fce183a8e94f31be608f",
                "sha256:9c04b9560872fa9a91251030c488e0a73bce9321a70f991f830c72b3f8115d0d",
                "sha256:9d2346b00af524757576cc2406414562cced1d4349c92166a0ee377a2a483a80",
                "sha256:a253b765b7cbc4209f1d8ee16c7287c4268d3243070bf72d7eec5aa9dfe2a2c2",
                "sha256:a8127437ebc196a6f5e8fddd746bd0903a400dc6b5ae35df672dd1ccc7170a2a",
                "sha256:b25f7bea162b3dbec6d33c522097ef81df7c19a9300722fa6853f5b495aecb77",
                "sha256:b33c17d9e694b66d7e96977e9e56df19d662031483efe121a24772a44ccbbc7e",
                "sha256:b4fe46b58010115514b842c669a0ed9b6a342017b15905653a5b1724ab80917f",
                "sha256:b520aafc6cb148bac09ccf532f52cbd31d83acf4d3e5070d84efe3c019a1adbf",
                "sha256:b5bbb87fa0511bd313d9a2c90294c88db837667c2bda2ea3fa7a35b59fd93b1f",
                "sha256:b6d2a56fc2354bb6378f3634402eec788a8f3facf0b3e7d468db5f2b5a78d763",
                "sha256:bbd705d5f3c3d1ff2d169e418bb789ff07ab3c70d567cc6ba6b72b04b9143481",
                "sha256:bc5d8c3647b8ae28e4312f1492b8f29deebd31479cd3abaa989090fb1d66db83",
                "sha256:c3c3525ea8658ee1192cdddf5faf99b07ebe1eeaa61bf32821126df6d1b8072b",
                "sha256:c9a9a39b7cac81dca79fca8c2a6479ef4c7b1aab95fad7544cc0e8fd943595a2",
                "sha256:cd4c8d6aa91d3e35016847cbe8d73106e3d1c9a4e6578d38e2c346bfe8edb3ca",
                "sha256:cf62da7a4cdec9a4b2981fcbd5e08053edffccf20e845c0b6ec1e77eb7fab61d",
                "sha256:d67225f05f6ea27c8dc57f3fa6397c96d09c42af69d46629f71e82e66d33fa4f",
                "sha256:dfcd2b9f510411de615ccedd47462dae80e82fdc09fe9ab0f0f32f11cf57eeb5",
                "sha256:e1f61355c821e870fb4c17cdb318669cfbcf245a291ce5053b41140870c3e5cc",
                "sha256:e249190b018d63c901678053b4a43e797ca78b93fb6d17633e3567d4b3ec6107",
                "sha256:e2654d1278384cff75952682d17c718ecc1ad1d6227bb0068fd826ba47d426a5",
                "sha256:e57d859b972c75ee44ea2ef4758f12821243e99de814030f69a3decb2aa86807",
                "sha256:e5a27f348909235a106a3903fc8e70f573d89b41d723a500869c6569a391cff7",
                "sha256:ead4f19d0257a756b21ac2e0e85a37a7245ddec36d3b6008d5bfe416525967dc",
                "sha256:f076b779aa3dc179aa3ed861be063a313ed4e48ae9f6a8370a9b1295d4502111",
                "sha256:f1bb3a62395ffe835dbef3a1cbff48fbcce709c78bd1f52e896aee990928432b",
                "sha256:f2227a08b091bd41df5aadee0a5037673f691e2aa000e1968b1ea2342afc6880",
                "sha256:f3754acbd7efc7f1b529039fcffc092a15e1cf045e31f22f6c9c5950c613ec4d",
                "sha256:fe48f50fb6348511a3268a893bfd4ab5f263f5ac220782449d03cd05964d1ae7",
                "sha256:fff7d17d30b2cd45afd654b3fc117755c5d84506ed25fda386494e4e0a3416e1"
            ],
            "index": "pypi",
            "version": "==4.5.0"
        },
        "python-decouple": {
            "hashes": [
                "sha256:ba6e2657d4f376ecc46f77a3a615e058d93ba5e465c01bbe57289bfb7cce680f",
                "sha256:d0d45340815b25f4de59c974b855bb38d03151d81b037d9e3f463b0c9f8cbd66"
            ],
            "index": "pypi",
            "version": "==3.8"
        },
        "sniffio": {
            "hashes": [
                "sha256:e60305c5e5d314f5389259b7f22aaa33d8f7dee49763119234af3755c55b9101",
                "sha256:eecefdce1e5bbfb7ad2eeaabf7c1eeb404d7757c379bd1f7e5cce9d8bf425384"
            ],
            "markers": "python_version >= '3.7'",
            "version": "==1.3.0"
        },
        "sqlalchemy": {
            "hashes": [
                "sha256:014794b60d2021cc8ae0f91d4d0331fe92691ae5467a00841f7130fe877b678e",
                "sha256:0268256a34806e5d1c8f7ee93277d7ea8cc8ae391f487213139018b6805aeaf6",
                "sha256:05b971ab1ac2994a14c56b35eaaa91f86ba080e9ad481b20d99d77f381bb6258",
                "sha256:141675dae56522126986fa4ca713739d00ed3a6f08f3c2eb92c39c6dfec463ce",
                "sha256:1e7dc99b23e33c71d720c4ae37ebb095bebebbd31a24b7d99dfc4753d2803ede",
                "sha256:2e617727fe4091cedb3e4409b39368f424934c7faa78171749f704b49b4bb4ce",
                "sha256:3cf229704074bce31f7f47d12883afee3b0a02bb233a0ba45ddbfe542939cca4",
                "sha256:3eb7c03fe1cd3255811cd4e74db1ab8dca22074d50cd8937edf4ef62d758cdf4",
                "sha256:3f7d57a7e140efe69ce2d7b057c3f9a595f98d0bbdfc23fd055efdfbaa46e3a5",
                "sha256:419b1276b55925b5ac9b4c7044e999f1787c69761a3c9756dec6e5c225ceca01",
                "sha256:44ac5c89b6896f4740e7091f4a0ff2e62881da80c239dd9408f84f75a293dae9",
                "sha256:4615623a490e46be85fbaa6335f35cf80e61df0783240afe7d4f544778c315a9",
                "sha256:50a69067af86ec7f11a8e50ba85544657b1477aabf64fa447fd3736b5a0a4f67",
                "sha256:513fd5b6513d37e985eb5b7ed89da5fd9e72354e3523980ef00d439bc549c9e9",
                "sha256:6ff3dc2f60dbf82c9e599c2915db1526d65415be323464f84de8db3e361ba5b9",
                "sha256:73c079e21d10ff2be54a4699f55865d4b275fd6c8bd5d90c5b1ef78ae0197301",
                "sha256:7614f1eab4336df7dd6bee05bc974f2b02c38d3d0c78060c5faa4cd1ca2af3b8",
                "sha256:785e2f2c1cb50d0a44e2cdeea5fd36b5bf2d79c481c10f3a88a8be4cfa2c4615",
                "sha256:7ca38746eac23dd7c20bec9278d2058c7ad662b2f1576e4c3dbfcd7c00cc48fa",
                "sha256:7f0c4ee579acfe6c994637527c386d1c22eb60bc1c1d36d940d8477e482095d4",
                "sha256:87bf91ebf15258c4701d71dcdd9c4ba39521fb6a37379ea68088ce8cd869b446",
                "sha256:89e274604abb1a7fd5c14867a412c9d49c08ccf6ce3e1e04fffc068b5b6499d4",
                "sha256:8c323813963b2503e54d0944813cd479c10c636e3ee223bcbd7bd478bf53c178",
                "sha256:a95aa0672e3065d43c8aa80080cdd5cc40fe92dc873749e6c1cf23914c4b83af",
                "sha256:af520a730d523eab77d754f5cf44cc7dd7ad2d54907adeb3233177eeb22f271b",
                "sha256:b19ae41ef26c01a987e49e37c77b9ad060c59f94d3b3efdfdbf4f3daaca7b5fe",
                "sha256:b4eae01faee9f2b17f08885e3f047153ae0416648f8e8c8bd9bc677c5ce64be9",
                "sha256:b69f1f754d92eb1cc6b50938359dead36b96a1dcf11a8670bff65fd9b21a4b09",
                "sha256:b977bfce15afa53d9cf6a632482d7968477625f030d86a109f7bdfe8ce3c064a",
                "sha256:bf8eebccc66829010f06fbd2b80095d7872991bfe8415098b9fe47deaaa58063",
                "sha256:c111cd40910ffcb615b33605fc8f8e22146aeb7933d06569ac90f219818345ef",
                "sha256:c2d494b6a2a2d05fb99f01b84cc9af9f5f93bf3e1e5dbdafe4bed0c2823584c1",
                "sha256:c9cba4e7369de663611ce7460a34be48e999e0bbb1feb9130070f0685e9a6b66",
                "sha256:cca720d05389ab1a5877ff05af96551e58ba65e8dc65582d849ac83ddde3e231",
                "sha256:ccb99c3138c9bde118b51a289d90096a3791658da9aea1754667302ed6564f6e",
                "sha256:d59cb9e20d79686aa473e0302e4a82882d7118744d30bb1dfb62d3c47141b3ec",
                "sha256:e36339a68126ffb708dc6d1948161cea2a9e85d7d7b0c54f6999853d70d44430",
                "sha256:ea7da25ee458d8f404b93eb073116156fd7d8c2a776d8311534851f28277b4ce",
                "sha256:f9fefd6298433b6e9188252f3bff53b9ff0443c8fde27298b8a2b19f6617eeb9",
                "sha256:fb87f763b5d04a82ae84ccff25554ffd903baafba6698e18ebaf32561f2fe4aa",
                "sha256:fc6b15465fabccc94bf7e38777d665b6a4f95efd1725049d6184b3a39fd54880"
            ],
            "index": "pypi",
            "version": "==2.0.21"
        },
        "starlette": {
            "hashes": [
                "sha256:6a6b0d042acb8d469a01eba54e9cda6cbd24ac602c4cd016723117d6a7e73b75",
                "sha256:918416370e846586541235ccd38a474c08b80443ed31c578a418e2209b3eef91"
            ],
            "markers": "python_version >= '3.7'",
            "version": "==0.27.0"
        },
        "typing-extensions": {
            "hashes": [
                "sha256:8f92fc8806f9a6b641eaa5318da32b44d401efaac0f6678c9bc448ba3605faa0",
                "sha256:df8e4339e9cb77357558cbdbceca33c303714cf861d1eef15e1070055ae8b7ef"
            ],
            "markers": "python_version >= '3.8'",
            "version": "==4.8.0"
        },
        "uvicorn": {
            "hashes": [
                "sha256:1f9be6558f01239d4fdf22ef8126c39cb1ad0addf76c40e760549d2c2f43ab53",
                "sha256:4d3cc12d7727ba72b64d12d3cc7743124074c0a69f7b201512fc50c3e3f1569a"
            ],
            "index": "pypi",
            "version": "==0.23.2"
        }
    },
    "develop": {}
}
